dependencies:
  espressif/pid_ctrl:
    component_hash: 22af0226d7adbea821e4c1a8c1fa5dad23c883eb7457e95e19342883a37c44a3
    source:
      service_url: https://api.components.espressif.com/
      type: service
    version: 0.2.0
  idf:
    component_hash: null
    source:
      type: idf
    version: 5.2.1
manifest_hash: 203b862c6788b758eda61f269858e1a43f9c09326fcdae5b5a1170d083797aef
target: esp32
version: 1.0.0
